
Microsoft Visual Studio Solution File, Format Version 12.00
# Visual Studio Version 16
VisualStudioVersion = 16.0.32228.343
MinimumVisualStudioVersion = 10.0.40219.1
Project("{FAE04EC0-301F-11D3-BF4B-00C04F79EFBC}") = "VacBanParser", "VacBanParser\VacBanParser.csproj", "{93E51AC8-FF23-4B74-B04F-D84C5352992B}"
EndProject
Global
	GlobalSection(SolutionConfigurationPlatforms) = preSolution
		Debug|Any CPU = Debug|Any CPU
		Release|Any CPU = Release|Any CPU
	EndGlobalSection
	GlobalSection(ProjectConfigurationPlatforms) = postSolution
		{93E51AC8-FF23-4B74-B04F-D84C5352992B}.Debug|Any CPU.ActiveCfg = Debug|Any CPU
		{93E51AC8-FF23-4B74-B04F-D84C5352992B}.Debug|Any CPU.Build.0 = Debug|Any CPU
		{93E51AC8-FF23-4B74-B04F-D84C5352992B}.Release|Any CPU.ActiveCfg = Release|Any CPU
		{93E51AC8-FF23-4B74-B04F-D84C5352992B}.Release|Any CPU.Build.0 = Release|Any CPU
	EndGlobalSection
	GlobalSection(SolutionProperties) = preSolution
		HideSolutionNode = FALSE
	EndGlobalSection
	GlobalSection(ExtensibilityGlobals) = postSolution
		SolutionGuid = {00990487-375B-4A20-A123-39CF4157FE34}
	EndGlobalSection
EndGlobal
